// !$*UTF8*$!
{
	archiveVersion = 1;
	classes = {
	};
	objectVersion = 46;
	objects = {

/* Begin PBXBuildFile section */
		1253CB689B80999B1CAC0023 /* Pods_ConsonanceTests.framework in Frameworks */ = {isa = PBXBuildFile; fileRef = F391A494B73ED3E8267404E0 /* Pods_ConsonanceTests.framework */; };
		3E2B70421E381C4100F54AA8 /* CPView.swift in Sources */ = {isa = PBXBuildFile; fileRef = 3E2B70411E381C4100F54AA8 /* CPView.swift */; };
		3E2B70441E39745B00F54AA8 /* CPViewController.swift in Sources */ = {isa = PBXBuildFile; fileRef = 3E2B70431E39745B00F54AA8 /* CPViewController.swift */; };
		3EB47A7E1E3D31FD000BFC8B /* CPMeasureLayer.swift in Sources */ = {isa = PBXBuildFile; fileRef = 3EB47A7D1E3D31FD000BFC8B /* CPMeasureLayer.swift */; };
		3EB47A801E3D3889000BFC8B /* CPNoteLayer.swift in Sources */ = {isa = PBXBuildFile; fileRef = 3EB47A7F1E3D3889000BFC8B /* CPNoteLayer.swift */; };
		3EC365261E35853B0017B25E /* AppDelegate.swift in Sources */ = {isa = PBXBuildFile; fileRef = 3EC365251E35853B0017B25E /* AppDelegate.swift */; };
		3EC365281E35853B0017B25E /* CPRenderingViewController.swift in Sources */ = {isa = PBXBuildFile; fileRef = 3EC365271E35853B0017B25E /* CPRenderingViewController.swift */; };
		3EC3652A1E35853B0017B25E /* Assets.xcassets in Resources */ = {isa = PBXBuildFile; fileRef = 3EC365291E35853B0017B25E /* Assets.xcassets */; };
		3EC3652D1E35853B0017B25E /* RenderingWindow.storyboard in Resources */ = {isa = PBXBuildFile; fileRef = 3EC3652B1E35853B0017B25E /* RenderingWindow.storyboard */; };
		3EC365381E35853B0017B25E /* SampleMusicNotationTests.swift in Sources */ = {isa = PBXBuildFile; fileRef = 3EC365371E35853B0017B25E /* SampleMusicNotationTests.swift */; };
		3EC365431E35853B0017B25E /* SampleMusicNotationUITests.swift in Sources */ = {isa = PBXBuildFile; fileRef = 3EC365421E35853B0017B25E /* SampleMusicNotationUITests.swift */; };
		3EC365561E3585DF0017B25E /* CPNotationRender.swift in Sources */ = {isa = PBXBuildFile; fileRef = 3EC365551E3585DF0017B25E /* CPNotationRender.swift */; };
		3EC3655A1E3586750017B25E /* Type Declarations.swift in Sources */ = {isa = PBXBuildFile; fileRef = 3EC365591E3586750017B25E /* Type Declarations.swift */; };
		3EC3655C1E3586800017B25E /* Extensions.swift in Sources */ = {isa = PBXBuildFile; fileRef = 3EC3655B1E3586800017B25E /* Extensions.swift */; };
		3EC3655E1E3586950017B25E /* Globals.swift in Sources */ = {isa = PBXBuildFile; fileRef = 3EC3655D1E3586950017B25E /* Globals.swift */; };
		49E7A4DB6EFB22A31AB52BB6 /* Pods_ConsonanceUITests.framework in Frameworks */ = {isa = PBXBuildFile; fileRef = 1FC1EE1D3BFAF620BF5E1B27 /* Pods_ConsonanceUITests.framework */; };
		A2D21D65B7E2CA3B48AE9C05 /* Pods_Consonance.framework in Frameworks */ = {isa = PBXBuildFile; fileRef = 8A35C45B6A94E4ACA2CC17E6 /* Pods_Consonance.framework */; };
/* End PBXBuildFile section */

/* Begin PBXContainerItemProxy section */
		3EC365341E35853B0017B25E /* PBXContainerItemProxy */ = {
			isa = PBXContainerItemProxy;
			containerPortal = 3EC3651A1E35853B0017B25E /* Project object */;
			proxyType = 1;
			remoteGlobalIDString = 3EC365211E35853B0017B25E;
			remoteInfo = SampleMusicNotation;
		};
		3EC3653F1E35853B0017B25E /* PBXContainerItemProxy */ = {
			isa = PBXContainerItemProxy;
			containerPortal = 3EC3651A1E35853B0017B25E /* Project object */;
			proxyType = 1;
			remoteGlobalIDString = 3EC365211E35853B0017B25E;
			remoteInfo = SampleMusicNotation;
		};
/* End PBXContainerItemProxy section */

/* Begin PBXFileReference section */
		122AF68C6392F0D7376CC9DA /* Pods-ConsonanceTests.debug.xcconfig */ = {isa = PBXFileReference; includeInIndex = 1; lastKnownFileType = text.xcconfig; name = "Pods-ConsonanceTests.debug.xcconfig"; path = "Pods/Target Support Files/Pods-ConsonanceTests/Pods-ConsonanceTests.debug.xcconfig"; sourceTree = "<group>"; };
		1FC1EE1D3BFAF620BF5E1B27 /* Pods_ConsonanceUITests.framework */ = {isa = PBXFileReference; explicitFileType = wrapper.framework; includeInIndex = 0; path = Pods_ConsonanceUITests.framework; sourceTree = BUILT_PRODUCTS_DIR; };
		3E2B70411E381C4100F54AA8 /* CPView.swift */ = {isa = PBXFileReference; fileEncoding = 4; lastKnownFileType = sourcecode.swift; path = CPView.swift; sourceTree = "<group>"; };
		3E2B70431E39745B00F54AA8 /* CPViewController.swift */ = {isa = PBXFileReference; fileEncoding = 4; lastKnownFileType = sourcecode.swift; path = CPViewController.swift; sourceTree = "<group>"; };
		3EB47A7D1E3D31FD000BFC8B /* CPMeasureLayer.swift */ = {isa = PBXFileReference; fileEncoding = 4; lastKnownFileType = sourcecode.swift; path = CPMeasureLayer.swift; sourceTree = "<group>"; };
		3EB47A7F1E3D3889000BFC8B /* CPNoteLayer.swift */ = {isa = PBXFileReference; fileEncoding = 4; lastKnownFileType = sourcecode.swift; path = CPNoteLayer.swift; sourceTree = "<group>"; };
		3EC365221E35853B0017B25E /* Consonance.app */ = {isa = PBXFileReference; explicitFileType = wrapper.application; includeInIndex = 0; path = Consonance.app; sourceTree = BUILT_PRODUCTS_DIR; };
		3EC365251E35853B0017B25E /* AppDelegate.swift */ = {isa = PBXFileReference; lastKnownFileType = sourcecode.swift; path = AppDelegate.swift; sourceTree = "<group>"; };
		3EC365271E35853B0017B25E /* CPRenderingViewController.swift */ = {isa = PBXFileReference; lastKnownFileType = sourcecode.swift; path = CPRenderingViewController.swift; sourceTree = "<group>"; };
		3EC365291E35853B0017B25E /* Assets.xcassets */ = {isa = PBXFileReference; lastKnownFileType = folder.assetcatalog; path = Assets.xcassets; sourceTree = "<group>"; };
		3EC3652C1E35853B0017B25E /* Base */ = {isa = PBXFileReference; lastKnownFileType = file.storyboard; name = Base; path = Base.lproj/RenderingWindow.storyboard; sourceTree = "<group>"; };
		3EC3652E1E35853B0017B25E /* Info.plist */ = {isa = PBXFileReference; lastKnownFileType = text.plist.xml; path = Info.plist; sourceTree = "<group>"; };
		3EC365331E35853B0017B25E /* ConsonanceTests.xctest */ = {isa = PBXFileReference; explicitFileType = wrapper.cfbundle; includeInIndex = 0; path = ConsonanceTests.xctest; sourceTree = BUILT_PRODUCTS_DIR; };
		3EC365371E35853B0017B25E /* SampleMusicNotationTests.swift */ = {isa = PBXFileReference; lastKnownFileType = sourcecode.swift; path = SampleMusicNotationTests.swift; sourceTree = "<group>"; };
		3EC365391E35853B0017B25E /* Info.plist */ = {isa = PBXFileReference; lastKnownFileType = text.plist.xml; path = Info.plist; sourceTree = "<group>"; };
		3EC3653E1E35853B0017B25E /* ConsonanceUITests.xctest */ = {isa = PBXFileReference; explicitFileType = wrapper.cfbundle; includeInIndex = 0; path = ConsonanceUITests.xctest; sourceTree = BUILT_PRODUCTS_DIR; };
		3EC365421E35853B0017B25E /* SampleMusicNotationUITests.swift */ = {isa = PBXFileReference; lastKnownFileType = sourcecode.swift; path = SampleMusicNotationUITests.swift; sourceTree = "<group>"; };
		3EC365441E35853B0017B25E /* Info.plist */ = {isa = PBXFileReference; lastKnownFileType = text.plist.xml; path = Info.plist; sourceTree = "<group>"; };
		3EC365551E3585DF0017B25E /* CPNotationRender.swift */ = {isa = PBXFileReference; fileEncoding = 4; lastKnownFileType = sourcecode.swift; path = CPNotationRender.swift; sourceTree = "<group>"; };
		3EC365591E3586750017B25E /* Type Declarations.swift */ = {isa = PBXFileReference; fileEncoding = 4; lastKnownFileType = sourcecode.swift; path = "Type Declarations.swift"; sourceTree = "<group>"; };
		3EC3655B1E3586800017B25E /* Extensions.swift */ = {isa = PBXFileReference; fileEncoding = 4; lastKnownFileType = sourcecode.swift; path = Extensions.swift; sourceTree = "<group>"; };
		3EC3655D1E3586950017B25E /* Globals.swift */ = {isa = PBXFileReference; fileEncoding = 4; lastKnownFileType = sourcecode.swift; path = Globals.swift; sourceTree = "<group>"; };
		85495E0508C3B0F70384F2AE /* Pods-ConsonanceUITests.release.xcconfig */ = {isa = PBXFileReference; includeInIndex = 1; lastKnownFileType = text.xcconfig; name = "Pods-ConsonanceUITests.release.xcconfig"; path = "Pods/Target Support Files/Pods-ConsonanceUITests/Pods-ConsonanceUITests.release.xcconfig"; sourceTree = "<group>"; };
		86EDAB82464A40A98765C6B5 /* Pods-Consonance.debug.xcconfig */ = {isa = PBXFileReference; includeInIndex = 1; lastKnownFileType = text.xcconfig; name = "Pods-Consonance.debug.xcconfig"; path = "Pods/Target Support Files/Pods-Consonance/Pods-Consonance.debug.xcconfig"; sourceTree = "<group>"; };
		8A35C45B6A94E4ACA2CC17E6 /* Pods_Consonance.framework */ = {isa = PBXFileReference; explicitFileType = wrapper.framework; includeInIndex = 0; path = Pods_Consonance.framework; sourceTree = BUILT_PRODUCTS_DIR; };
		96837D0910AE544967EDBEC7 /* Pods-ConsonanceUITests.debug.xcconfig */ = {isa = PBXFileReference; includeInIndex = 1; lastKnownFileType = text.xcconfig; name = "Pods-ConsonanceUITests.debug.xcconfig"; path = "Pods/Target Support Files/Pods-ConsonanceUITests/Pods-ConsonanceUITests.debug.xcconfig"; sourceTree = "<group>"; };
		A940C4BD6671824E9FDD1EC9 /* Pods-ConsonanceTests.release.xcconfig */ = {isa = PBXFileReference; includeInIndex = 1; lastKnownFileType = text.xcconfig; name = "Pods-ConsonanceTests.release.xcconfig"; path = "Pods/Target Support Files/Pods-ConsonanceTests/Pods-ConsonanceTests.release.xcconfig"; sourceTree = "<group>"; };
		AA890E9595744C143F15DFB0 /* Pods-Consonance.release.xcconfig */ = {isa = PBXFileReference; includeInIndex = 1; lastKnownFileType = text.xcconfig; name = "Pods-Consonance.release.xcconfig"; path = "Pods/Target Support Files/Pods-Consonance/Pods-Consonance.release.xcconfig"; sourceTree = "<group>"; };
		F391A494B73ED3E8267404E0 /* Pods_ConsonanceTests.framework */ = {isa = PBXFileReference; explicitFileType = wrapper.framework; includeInIndex = 0; path = Pods_ConsonanceTests.framework; sourceTree = BUILT_PRODUCTS_DIR; };
/* End PBXFileReference section */

/* Begin PBXFrameworksBuildPhase section */
		3EC3651F1E35853B0017B25E /* Frameworks */ = {
			isa = PBXFrameworksBuildPhase;
			buildActionMask = 2147483647;
			files = (
				A2D21D65B7E2CA3B48AE9C05 /* Pods_Consonance.framework in Frameworks */,
			);
			runOnlyForDeploymentPostprocessing = 0;
		};
		3EC365301E35853B0017B25E /* Frameworks */ = {
			isa = PBXFrameworksBuildPhase;
			buildActionMask = 2147483647;
			files = (
				1253CB689B80999B1CAC0023 /* Pods_ConsonanceTests.framework in Frameworks */,
			);
			runOnlyForDeploymentPostprocessing = 0;
		};
		3EC3653B1E35853B0017B25E /* Frameworks */ = {
			isa = PBXFrameworksBuildPhase;
			buildActionMask = 2147483647;
			files = (
				49E7A4DB6EFB22A31AB52BB6 /* Pods_ConsonanceUITests.framework in Frameworks */,
			);
			runOnlyForDeploymentPostprocessing = 0;
		};
/* End PBXFrameworksBuildPhase section */

/* Begin PBXGroup section */
		3E2B70401E381C3700F54AA8 /* CPKit */ = {
			isa = PBXGroup;
			children = (
				3E2B70431E39745B00F54AA8 /* CPViewController.swift */,
				3E2B70411E381C4100F54AA8 /* CPView.swift */,
			);
			name = CPKit;
			sourceTree = "<group>";
		};
		3EC365191E35853B0017B25E = {
			isa = PBXGroup;
			children = (
				3EC365241E35853B0017B25E /* SampleMusicNotation */,
				3EC365361E35853B0017B25E /* SampleMusicNotationTests */,
				3EC365411E35853B0017B25E /* SampleMusicNotationUITests */,
				3EC365231E35853B0017B25E /* Products */,
				6FBF70C69BDEBEB06C1694CA /* Pods */,
				EC271CBDED46F45CA0DBC3AD /* Frameworks */,
			);
			sourceTree = "<group>";
		};
		3EC365231E35853B0017B25E /* Products */ = {
			isa = PBXGroup;
			children = (
				3EC365221E35853B0017B25E /* Consonance.app */,
				3EC365331E35853B0017B25E /* ConsonanceTests.xctest */,
				3EC3653E1E35853B0017B25E /* ConsonanceUITests.xctest */,
			);
			name = Products;
			sourceTree = "<group>";
		};
		3EC365241E35853B0017B25E /* SampleMusicNotation */ = {
			isa = PBXGroup;
			children = (
				3EC365251E35853B0017B25E /* AppDelegate.swift */,
				3EC3652E1E35853B0017B25E /* Info.plist */,
				3EC365541E3585BE0017B25E /* View Controllers */,
				3EC365531E3585B10017B25E /* Resources */,
				3EC365521E35859C0017B25E /* Interfaces */,
				3EC365571E3585F00017B25E /* Objects */,
				3EC365501E35857C0017B25E /* Utility */,
				3EC365581E3586520017B25E /* Misc */,
			);
			path = SampleMusicNotation;
			sourceTree = "<group>";
		};
		3EC365361E35853B0017B25E /* SampleMusicNotationTests */ = {
			isa = PBXGroup;
			children = (
				3EC365371E35853B0017B25E /* SampleMusicNotationTests.swift */,
				3EC365391E35853B0017B25E /* Info.plist */,
			);
			path = SampleMusicNotationTests;
			sourceTree = "<group>";
		};
		3EC365411E35853B0017B25E /* SampleMusicNotationUITests */ = {
			isa = PBXGroup;
			children = (
				3EC365421E35853B0017B25E /* SampleMusicNotationUITests.swift */,
				3EC365441E35853B0017B25E /* Info.plist */,
			);
			path = SampleMusicNotationUITests;
			sourceTree = "<group>";
		};
		3EC365501E35857C0017B25E /* Utility */ = {
			isa = PBXGroup;
			children = (
				3E2B70401E381C3700F54AA8 /* CPKit */,
				3EC365511E35858F0017B25E /* Music Rendering */,
			);
			name = Utility;
			sourceTree = "<group>";
		};
		3EC365511E35858F0017B25E /* Music Rendering */ = {
			isa = PBXGroup;
			children = (
				3EC365551E3585DF0017B25E /* CPNotationRender.swift */,
				3EB47A7D1E3D31FD000BFC8B /* CPMeasureLayer.swift */,
				3EB47A7F1E3D3889000BFC8B /* CPNoteLayer.swift */,
			);
			name = "Music Rendering";
			sourceTree = "<group>";
		};
		3EC365521E35859C0017B25E /* Interfaces */ = {
			isa = PBXGroup;
			children = (
				3EC3652B1E35853B0017B25E /* RenderingWindow.storyboard */,
			);
			name = Interfaces;
			sourceTree = "<group>";
		};
		3EC365531E3585B10017B25E /* Resources */ = {
			isa = PBXGroup;
			children = (
				3EC365291E35853B0017B25E /* Assets.xcassets */,
			);
			name = Resources;
			sourceTree = "<group>";
		};
		3EC365541E3585BE0017B25E /* View Controllers */ = {
			isa = PBXGroup;
			children = (
				3EC365271E35853B0017B25E /* CPRenderingViewController.swift */,
			);
			name = "View Controllers";
			sourceTree = "<group>";
		};
		3EC365571E3585F00017B25E /* Objects */ = {
			isa = PBXGroup;
			children = (
			);
			name = Objects;
			sourceTree = "<group>";
		};
		3EC365581E3586520017B25E /* Misc */ = {
			isa = PBXGroup;
			children = (
				3EC365591E3586750017B25E /* Type Declarations.swift */,
				3EC3655B1E3586800017B25E /* Extensions.swift */,
				3EC3655D1E3586950017B25E /* Globals.swift */,
			);
			name = Misc;
			sourceTree = "<group>";
		};
		6FBF70C69BDEBEB06C1694CA /* Pods */ = {
			isa = PBXGroup;
			children = (
				86EDAB82464A40A98765C6B5 /* Pods-Consonance.debug.xcconfig */,
				AA890E9595744C143F15DFB0 /* Pods-Consonance.release.xcconfig */,
				122AF68C6392F0D7376CC9DA /* Pods-ConsonanceTests.debug.xcconfig */,
				A940C4BD6671824E9FDD1EC9 /* Pods-ConsonanceTests.release.xcconfig */,
				96837D0910AE544967EDBEC7 /* Pods-ConsonanceUITests.debug.xcconfig */,
				85495E0508C3B0F70384F2AE /* Pods-ConsonanceUITests.release.xcconfig */,
			);
			name = Pods;
			sourceTree = "<group>";
		};
		EC271CBDED46F45CA0DBC3AD /* Frameworks */ = {
			isa = PBXGroup;
			children = (
				8A35C45B6A94E4ACA2CC17E6 /* Pods_Consonance.framework */,
				F391A494B73ED3E8267404E0 /* Pods_ConsonanceTests.framework */,
				1FC1EE1D3BFAF620BF5E1B27 /* Pods_ConsonanceUITests.framework */,
			);
			name = Frameworks;
			sourceTree = "<group>";
		};
/* End PBXGroup section */

/* Begin PBXNativeTarget section */
		3EC365211E35853B0017B25E /* Consonance */ = {
			isa = PBXNativeTarget;
			buildConfigurationList = 3EC365471E35853B0017B25E /* Build configuration list for PBXNativeTarget "Consonance" */;
			buildPhases = (
				C063E546F80DA9101679871B /* [CP] Check Pods Manifest.lock */,
				3EC3651E1E35853B0017B25E /* Sources */,
				3EC3651F1E35853B0017B25E /* Frameworks */,
				3EC365201E35853B0017B25E /* Resources */,
				12B73DCC144961207A3EE166 /* [CP] Embed Pods Frameworks */,
				00F536C0A2073A58BC810CA6 /* [CP] Copy Pods Resources */,
			);
			buildRules = (
			);
			dependencies = (
			);
			name = Consonance;
			productName = SampleMusicNotation;
			productReference = 3EC365221E35853B0017B25E /* Consonance.app */;
			productType = "com.apple.product-type.application";
		};
		3EC365321E35853B0017B25E /* ConsonanceTests */ = {
			isa = PBXNativeTarget;
			buildConfigurationList = 3EC3654A1E35853B0017B25E /* Build configuration list for PBXNativeTarget "ConsonanceTests" */;
			buildPhases = (
				D73B75B0FDE3F9FFBDCC25DA /* [CP] Check Pods Manifest.lock */,
				3EC3652F1E35853B0017B25E /* Sources */,
				3EC365301E35853B0017B25E /* Frameworks */,
				3EC365311E35853B0017B25E /* Resources */,
				A896414BD58E2AE58826FA1E /* [CP] Embed Pods Frameworks */,
				01BEB34F2A9233BBC02AA054 /* [CP] Copy Pods Resources */,
			);
			buildRules = (
			);
			dependencies = (
				3EC365351E35853B0017B25E /* PBXTargetDependency */,
			);
			name = ConsonanceTests;
			productName = SampleMusicNotationTests;
			productReference = 3EC365331E35853B0017B25E /* ConsonanceTests.xctest */;
			productType = "com.apple.product-type.bundle.unit-test";
		};
		3EC3653D1E35853B0017B25E /* ConsonanceUITests */ = {
			isa = PBXNativeTarget;
			buildConfigurationList = 3EC3654D1E35853B0017B25E /* Build configuration list for PBXNativeTarget "ConsonanceUITests" */;
			buildPhases = (
				89204E652902248FA7CA6B87 /* [CP] Check Pods Manifest.lock */,
				3EC3653A1E35853B0017B25E /* Sources */,
				3EC3653B1E35853B0017B25E /* Frameworks */,
				3EC3653C1E35853B0017B25E /* Resources */,
				A9FDBFD8805B4E5BCB173A52 /* [CP] Embed Pods Frameworks */,
				9CC836D58BD0D12E3E92E1FB /* [CP] Copy Pods Resources */,
			);
			buildRules = (
			);
			dependencies = (
				3EC365401E35853B0017B25E /* PBXTargetDependency */,
			);
			name = ConsonanceUITests;
			productName = SampleMusicNotationUITests;
			productReference = 3EC3653E1E35853B0017B25E /* ConsonanceUITests.xctest */;
			productType = "com.apple.product-type.bundle.ui-testing";
		};
/* End PBXNativeTarget section */

/* Begin PBXProject section */
		3EC3651A1E35853B0017B25E /* Project object */ = {
			isa = PBXProject;
			attributes = {
				LastSwiftUpdateCheck = 0820;
				LastUpgradeCheck = 0820;
				ORGANIZATIONNAME = "Charlton Provatas";
				TargetAttributes = {
					3EC365211E35853B0017B25E = {
						CreatedOnToolsVersion = 8.2.1;
						DevelopmentTeam = WJQ6ARU45L;
						ProvisioningStyle = Automatic;
					};
					3EC365321E35853B0017B25E = {
						CreatedOnToolsVersion = 8.2.1;
						DevelopmentTeam = WJQ6ARU45L;
						ProvisioningStyle = Automatic;
						TestTargetID = 3EC365211E35853B0017B25E;
					};
					3EC3653D1E35853B0017B25E = {
						CreatedOnToolsVersion = 8.2.1;
						DevelopmentTeam = WJQ6ARU45L;
						ProvisioningStyle = Automatic;
						TestTargetID = 3EC365211E35853B0017B25E;
					};
				};
			};
			buildConfigurationList = 3EC3651D1E35853B0017B25E /* Build configuration list for PBXProject "Consonance" */;
			compatibilityVersion = "Xcode 3.2";
			developmentRegion = English;
			hasScannedForEncodings = 0;
			knownRegions = (
				en,
				Base,
			);
			mainGroup = 3EC365191E35853B0017B25E;
			productRefGroup = 3EC365231E35853B0017B25E /* Products */;
			projectDirPath = "";
			projectRoot = "";
			targets = (
				3EC365211E35853B0017B25E /* Consonance */,
				3EC365321E35853B0017B25E /* ConsonanceTests */,
				3EC3653D1E35853B0017B25E /* ConsonanceUITests */,
			);
		};
/* End PBXProject section */

/* Begin PBXResourcesBuildPhase section */
		3EC365201E35853B0017B25E /* Resources */ = {
			isa = PBXResourcesBuildPhase;
			buildActionMask = 2147483647;
			files = (
				3EC3652A1E35853B0017B25E /* Assets.xcassets in Resources */,
				3EC3652D1E35853B0017B25E /* RenderingWindow.storyboard in Resources */,
			);
			runOnlyForDeploymentPostprocessing = 0;
		};
		3EC365311E35853B0017B25E /* Resources */ = {
			isa = PBXResourcesBuildPhase;
			buildActionMask = 2147483647;
			files = (
			);
			runOnlyForDeploymentPostprocessing = 0;
		};
		3EC3653C1E35853B0017B25E /* Resources */ = {
			isa = PBXResourcesBuildPhase;
			buildActionMask = 2147483647;
			files = (
			);
			runOnlyForDeploymentPostprocessing = 0;
		};
/* End PBXResourcesBuildPhase section */

/* Begin PBXShellScriptBuildPhase section */
		00F536C0A2073A58BC810CA6 /* [CP] Copy Pods Resources */ = {
			isa = PBXShellScriptBuildPhase;
			buildActionMask = 2147483647;
			files = (
			);
			inputPaths = (
			);
			name = "[CP] Copy Pods Resources";
			outputPaths = (
			);
			runOnlyForDeploymentPostprocessing = 0;
			shellPath = /bin/sh;
			shellScript = "\"${SRCROOT}/Pods/Target Support Files/Pods-Consonance/Pods-Consonance-resources.sh\"\n";
			showEnvVarsInLog = 0;
		};
		01BEB34F2A9233BBC02AA054 /* [CP] Copy Pods Resources */ = {
			isa = PBXShellScriptBuildPhase;
			buildActionMask = 2147483647;
			files = (
			);
			inputPaths = (
			);
			name = "[CP] Copy Pods Resources";
			outputPaths = (
			);
			runOnlyForDeploymentPostprocessing = 0;
			shellPath = /bin/sh;
			shellScript = "\"${SRCROOT}/Pods/Target Support Files/Pods-ConsonanceTests/Pods-ConsonanceTests-resources.sh\"\n";
			showEnvVarsInLog = 0;
		};
		12B73DCC144961207A3EE166 /* [CP] Embed Pods Frameworks */ = {
			isa = PBXShellScriptBuildPhase;
			buildActionMask = 2147483647;
			files = (
			);
			inputPaths = (
			);
			name = "[CP] Embed Pods Frameworks";
			outputPaths = (
			);
			runOnlyForDeploymentPostprocessing = 0;
			shellPath = /bin/sh;
			shellScript = "\"${SRCROOT}/Pods/Target Support Files/Pods-Consonance/Pods-Consonance-frameworks.sh\"\n";
			showEnvVarsInLog = 0;
		};
		89204E652902248FA7CA6B87 /* [CP] Check Pods Manifest.lock */ = {
			isa = PBXShellScriptBuildPhase;
			buildActionMask = 2147483647;
			files = (
			);
			inputPaths = (
			);
			name = "[CP] Check Pods Manifest.lock";
			outputPaths = (
			);
			runOnlyForDeploymentPostprocessing = 0;
			shellPath = /bin/sh;
			shellScript = "diff \"${PODS_ROOT}/../Podfile.lock\" \"${PODS_ROOT}/Manifest.lock\" > /dev/null\nif [ $? != 0 ] ; then\n    # print error to STDERR\n    echo \"error: The sandbox is not in sync with the Podfile.lock. Run 'pod install' or update your CocoaPods installation.\" >&2\n    exit 1\nfi\n";
			showEnvVarsInLog = 0;
		};
		9CC836D58BD0D12E3E92E1FB /* [CP] Copy Pods Resources */ = {
			isa = PBXShellScriptBuildPhase;
			buildActionMask = 2147483647;
			files = (
			);
			inputPaths = (
			);
			name = "[CP] Copy Pods Resources";
			outputPaths = (
			);
			runOnlyForDeploymentPostprocessing = 0;
			shellPath = /bin/sh;
			shellScript = "\"${SRCROOT}/Pods/Target Support Files/Pods-ConsonanceUITests/Pods-ConsonanceUITests-resources.sh\"\n";
			showEnvVarsInLog = 0;
		};
		A896414BD58E2AE58826FA1E /* [CP] Embed Pods Frameworks */ = {
			isa = PBXShellScriptBuildPhase;
			buildActionMask = 2147483647;
			files = (
			);
			inputPaths = (
			);
			name = "[CP] Embed Pods Frameworks";
			outputPaths = (
			);
			runOnlyForDeploymentPostprocessing = 0;
			shellPath = /bin/sh;
			shellScript = "\"${SRCROOT}/Pods/Target Support Files/Pods-ConsonanceTests/Pods-ConsonanceTests-frameworks.sh\"\n";
			showEnvVarsInLog = 0;
		};
		A9FDBFD8805B4E5BCB173A52 /* [CP] Embed Pods Frameworks */ = {
			isa = PBXShellScriptBuildPhase;
			buildActionMask = 2147483647;
			files = (
			);
			inputPaths = (
			);
			name = "[CP] Embed Pods Frameworks";
			outputPaths = (
			);
			runOnlyForDeploymentPostprocessing = 0;
			shellPath = /bin/sh;
			shellScript = "\"${SRCROOT}/Pods/Target Support Files/Pods-ConsonanceUITests/Pods-ConsonanceUITests-frameworks.sh\"\n";
			showEnvVarsInLog = 0;
		};
		C063E546F80DA9101679871B /* [CP] Check Pods Manifest.lock */ = {
			isa = PBXShellScriptBuildPhase;
			buildActionMask = 2147483647;
			files = (
			);
			inputPaths = (
			);
			name = "[CP] Check Pods Manifest.lock";
			outputPaths = (
			);
			runOnlyForDeploymentPostprocessing = 0;
			shellPath = /bin/sh;
			shellScript = "diff \"${PODS_ROOT}/../Podfile.lock\" \"${PODS_ROOT}/Manifest.lock\" > /dev/null\nif [ $? != 0 ] ; then\n    # print error to STDERR\n    echo \"error: The sandbox is not in sync with the Podfile.lock. Run 'pod install' or update your CocoaPods installation.\" >&2\n    exit 1\nfi\n";
			showEnvVarsInLog = 0;
		};
		D73B75B0FDE3F9FFBDCC25DA /* [CP] Check Pods Manifest.lock */ = {
			isa = PBXShellScriptBuildPhase;
			buildActionMask = 2147483647;
			files = (
			);
			inputPaths = (
			);
			name = "[CP] Check Pods Manifest.lock";
			outputPaths = (
			);
			runOnlyForDeploymentPostprocessing = 0;
			shellPath = /bin/sh;
			shellScript = "diff \"${PODS_ROOT}/../Podfile.lock\" \"${PODS_ROOT}/Manifest.lock\" > /dev/null\nif [ $? != 0 ] ; then\n    # print error to STDERR\n    echo \"error: The sandbox is not in sync with the Podfile.lock. Run 'pod install' or update your CocoaPods installation.\" >&2\n    exit 1\nfi\n";
			showEnvVarsInLog = 0;
		};
/* End PBXShellScriptBuildPhase section */

/* Begin PBXSourcesBuildPhase section */
		3EC3651E1E35853B0017B25E /* Sources */ = {
			isa = PBXSourcesBuildPhase;
			buildActionMask = 2147483647;
			files = (
				3EC3655C1E3586800017B25E /* Extensions.swift in Sources */,
				3EC365281E35853B0017B25E /* CPRenderingViewController.swift in Sources */,
				3EC3655E1E3586950017B25E /* Globals.swift in Sources */,
				3E2B70441E39745B00F54AA8 /* CPViewController.swift in Sources */,
				3E2B70421E381C4100F54AA8 /* CPView.swift in Sources */,
				3EC3655A1E3586750017B25E /* Type Declarations.swift in Sources */,
				3EC365561E3585DF0017B25E /* CPNotationRender.swift in Sources */,
				3EB47A7E1E3D31FD000BFC8B /* CPMeasureLayer.swift in Sources */,
				3EB47A801E3D3889000BFC8B /* CPNoteLayer.swift in Sources */,
				3EC365261E35853B0017B25E /* AppDelegate.swift in Sources */,
			);
			runOnlyForDeploymentPostprocessing = 0;
		};
		3EC3652F1E35853B0017B25E /* Sources */ = {
			isa = PBXSourcesBuildPhase;
			buildActionMask = 2147483647;
			files = (
				3EC365381E35853B0017B25E /* SampleMusicNotationTests.swift in Sources */,
			);
			runOnlyForDeploymentPostprocessing = 0;
		};
		3EC3653A1E35853B0017B25E /* Sources */ = {
			isa = PBXSourcesBuildPhase;
			buildActionMask = 2147483647;
			files = (
				3EC365431E35853B0017B25E /* SampleMusicNotationUITests.swift in Sources */,
			);
			runOnlyForDeploymentPostprocessing = 0;
		};
/* End PBXSourcesBuildPhase section */

/* Begin PBXTargetDependency section */
		3EC365351E35853B0017B25E /* PBXTargetDependency */ = {
			isa = PBXTargetDependency;
			target = 3EC365211E35853B0017B25E /* Consonance */;
			targetProxy = 3EC365341E35853B0017B25E /* PBXContainerItemProxy */;
		};
		3EC365401E35853B0017B25E /* PBXTargetDependency */ = {
			isa = PBXTargetDependency;
			target = 3EC365211E35853B0017B25E /* Consonance */;
			targetProxy = 3EC3653F1E35853B0017B25E /* PBXContainerItemProxy */;
		};
/* End PBXTargetDependency section */

/* Begin PBXVariantGroup section */
		3EC3652B1E35853B0017B25E /* RenderingWindow.storyboard */ = {
			isa = PBXVariantGroup;
			children = (
				3EC3652C1E35853B0017B25E /* Base */,
			);
			name = RenderingWindow.storyboard;
			sourceTree = "<group>";
		};
/* End PBXVariantGroup section */

/* Begin XCBuildConfiguration section */
		3EC365451E35853B0017B25E /* Debug */ = {
			isa = XCBuildConfiguration;
			buildSettings = {
				ALWAYS_SEARCH_USER_PATHS = NO;
				CLANG_ANALYZER_NONNULL = YES;
				CLANG_CXX_LANGUAGE_STANDARD = "gnu++0x";
				CLANG_CXX_LIBRARY = "libc++";
				CLANG_ENABLE_MODULES = YES;
				CLANG_ENABLE_OBJC_ARC = YES;
				CLANG_WARN_BOOL_CONVERSION = YES;
				CLANG_WARN_CONSTANT_CONVERSION = YES;
				CLANG_WARN_DIRECT_OBJC_ISA_USAGE = YES_ERROR;
				CLANG_WARN_DOCUMENTATION_COMMENTS = YES;
				CLANG_WARN_EMPTY_BODY = YES;
				CLANG_WARN_ENUM_CONVERSION = YES;
				CLANG_WARN_INFINITE_RECURSION = YES;
				CLANG_WARN_INT_CONVERSION = YES;
				CLANG_WARN_OBJC_ROOT_CLASS = YES_ERROR;
				CLANG_WARN_SUSPICIOUS_MOVE = YES;
				CLANG_WARN_UNREACHABLE_CODE = YES;
				CLANG_WARN__DUPLICATE_METHOD_MATCH = YES;
				CODE_SIGN_IDENTITY = "-";
				COPY_PHASE_STRIP = NO;
				DEBUG_INFORMATION_FORMAT = dwarf;
				ENABLE_STRICT_OBJC_MSGSEND = YES;
				ENABLE_TESTABILITY = YES;
				GCC_C_LANGUAGE_STANDARD = gnu99;
				GCC_DYNAMIC_NO_PIC = NO;
				GCC_NO_COMMON_BLOCKS = YES;
				GCC_OPTIMIZATION_LEVEL = 0;
				GCC_PREPROCESSOR_DEFINITIONS = (
					"DEBUG=1",
					"$(inherited)",
				);
				GCC_WARN_64_TO_32_BIT_CONVERSION = YES;
				GCC_WARN_ABOUT_RETURN_TYPE = YES_ERROR;
				GCC_WARN_UNDECLARED_SELECTOR = YES;
				GCC_WARN_UNINITIALIZED_AUTOS = YES_AGGRESSIVE;
				GCC_WARN_UNUSED_FUNCTION = YES;
				GCC_WARN_UNUSED_VARIABLE = YES;
				MACOSX_DEPLOYMENT_TARGET = 10.12;
				MTL_ENABLE_DEBUG_INFO = YES;
				ONLY_ACTIVE_ARCH = YES;
				SDKROOT = macosx;
				SWIFT_ACTIVE_COMPILATION_CONDITIONS = DEBUG;
				SWIFT_OPTIMIZATION_LEVEL = "-Onone";
			};
			name = Debug;
		};
		3EC365461E35853B0017B25E /* Release */ = {
			isa = XCBuildConfiguration;
			buildSettings = {
				ALWAYS_SEARCH_USER_PATHS = NO;
				CLANG_ANALYZER_NONNULL = YES;
				CLANG_CXX_LANGUAGE_STANDARD = "gnu++0x";
				CLANG_CXX_LIBRARY = "libc++";
				CLANG_ENABLE_MODULES = YES;
				CLANG_ENABLE_OBJC_ARC = YES;
				CLANG_WARN_BOOL_CONVERSION = YES;
				CLANG_WARN_CONSTANT_CONVERSION = YES;
				CLANG_WARN_DIRECT_OBJC_ISA_USAGE = YES_ERROR;
				CLANG_WARN_DOCUMENTATION_COMMENTS = YES;
				CLANG_WARN_EMPTY_BODY = YES;
				CLANG_WARN_ENUM_CONVERSION = YES;
				CLANG_WARN_INFINITE_RECURSION = YES;
				CLANG_WARN_INT_CONVERSION = YES;
				CLANG_WARN_OBJC_ROOT_CLASS = YES_ERROR;
				CLANG_WARN_SUSPICIOUS_MOVE = YES;
				CLANG_WARN_UNREACHABLE_CODE = YES;
				CLANG_WARN__DUPLICATE_METHOD_MATCH = YES;
				CODE_SIGN_IDENTITY = "-";
				COPY_PHASE_STRIP = NO;
				DEBUG_INFORMATION_FORMAT = "dwarf-with-dsym";
				ENABLE_NS_ASSERTIONS = NO;
				ENABLE_STRICT_OBJC_MSGSEND = YES;
				GCC_C_LANGUAGE_STANDARD = gnu99;
				GCC_NO_COMMON_BLOCKS = YES;
				GCC_WARN_64_TO_32_BIT_CONVERSION = YES;
				GCC_WARN_ABOUT_RETURN_TYPE = YES_ERROR;
				GCC_WARN_UNDECLARED_SELECTOR = YES;
				GCC_WARN_UNINITIALIZED_AUTOS = YES_AGGRESSIVE;
				GCC_WARN_UNUSED_FUNCTION = YES;
				GCC_WARN_UNUSED_VARIABLE = YES;
				MACOSX_DEPLOYMENT_TARGET = 10.12;
				MTL_ENABLE_DEBUG_INFO = NO;
				SDKROOT = macosx;
				SWIFT_OPTIMIZATION_LEVEL = "-Owholemodule";
			};
			name = Release;
		};
		3EC365481E35853B0017B25E /* Debug */ = {
			isa = XCBuildConfiguration;
			baseConfigurationReference = 86EDAB82464A40A98765C6B5 /* Pods-Consonance.debug.xcconfig */;
			buildSettings = {
				ASSETCATALOG_COMPILER_APPICON_NAME = AppIcon;
				COMBINE_HIDPI_IMAGES = YES;
				DEVELOPMENT_TEAM = WJQ6ARU45L;
				INFOPLIST_FILE = SampleMusicNotation/Info.plist;
				LD_RUNPATH_SEARCH_PATHS = "$(inherited) @executable_path/../Frameworks";
				PRODUCT_BUNDLE_IDENTIFIER = com.charltonprovatas.Consonance;
				PRODUCT_NAME = "$(TARGET_NAME)";
				SWIFT_VERSION = 3.0;
			};
			name = Debug;
		};
		3EC365491E35853B0017B25E /* Release */ = {
			isa = XCBuildConfiguration;
			baseConfigurationReference = AA890E9595744C143F15DFB0 /* Pods-Consonance.release.xcconfig */;
			buildSettings = {
				ASSETCATALOG_COMPILER_APPICON_NAME = AppIcon;
				COMBINE_HIDPI_IMAGES = YES;
				DEVELOPMENT_TEAM = WJQ6ARU45L;
				INFOPLIST_FILE = SampleMusicNotation/Info.plist;
				LD_RUNPATH_SEARCH_PATHS = "$(inherited) @executable_path/../Frameworks";
				PRODUCT_BUNDLE_IDENTIFIER = com.charltonprovatas.Consonance;
				PRODUCT_NAME = "$(TARGET_NAME)";
				SWIFT_VERSION = 3.0;
			};
			name = Release;
		};
		3EC3654B1E35853B0017B25E /* Debug */ = {
			isa = XCBuildConfiguration;
			baseConfigurationReference = 122AF68C6392F0D7376CC9DA /* Pods-ConsonanceTests.debug.xcconfig */;
			buildSettings = {
				ALWAYS_EMBED_SWIFT_STANDARD_LIBRARIES = YES;
				BUNDLE_LOADER = "$(TEST_HOST)";
				COMBINE_HIDPI_IMAGES = YES;
				DEVELOPMENT_TEAM = WJQ6ARU45L;
				INFOPLIST_FILE = SampleMusicNotationTests/Info.plist;
				LD_RUNPATH_SEARCH_PATHS = "$(inherited) @executable_path/../Frameworks @loader_path/../Frameworks";
				PRODUCT_BUNDLE_IDENTIFIER = com.charltonprovatas.SampleMusicNotationTests;
				PRODUCT_NAME = "$(TARGET_NAME)";
				SWIFT_VERSION = 3.0;
				TEST_HOST = "$(BUILT_PRODUCTS_DIR)/Consonance.app/Contents/MacOS/Consonance";
			};
			name = Debug;
		};
		3EC3654C1E35853B0017B25E /* Release */ = {
			isa = XCBuildConfiguration;
			baseConfigurationReference = A940C4BD6671824E9FDD1EC9 /* Pods-ConsonanceTests.release.xcconfig */;
			buildSettings = {
				ALWAYS_EMBED_SWIFT_STANDARD_LIBRARIES = YES;
				BUNDLE_LOADER = "$(TEST_HOST)";
				COMBINE_HIDPI_IMAGES = YES;
				DEVELOPMENT_TEAM = WJQ6ARU45L;
				INFOPLIST_FILE = SampleMusicNotationTests/Info.plist;
				LD_RUNPATH_SEARCH_PATHS = "$(inherited) @executable_path/../Frameworks @loader_path/../Frameworks";
				PRODUCT_BUNDLE_IDENTIFIER = com.charltonprovatas.SampleMusicNotationTests;
				PRODUCT_NAME = "$(TARGET_NAME)";
				SWIFT_VERSION = 3.0;
				TEST_HOST = "$(BUILT_PRODUCTS_DIR)/Consonance.app/Contents/MacOS/Consonance";
			};
			name = Release;
		};
		3EC3654E1E35853B0017B25E /* Debug */ = {
			isa = XCBuildConfiguration;
			baseConfigurationReference = 96837D0910AE544967EDBEC7 /* Pods-ConsonanceUITests.debug.xcconfig */;
			buildSettings = {
				ALWAYS_EMBED_SWIFT_STANDARD_LIBRARIES = YES;
				COMBINE_HIDPI_IMAGES = YES;
				DEVELOPMENT_TEAM = WJQ6ARU45L;
				INFOPLIST_FILE = SampleMusicNotationUITests/Info.plist;
				LD_RUNPATH_SEARCH_PATHS = "$(inherited) @executable_path/../Frameworks @loader_path/../Frameworks";
				PRODUCT_BUNDLE_IDENTIFIER = com.charltonprovatas.SampleMusicNotationUITests;
				PRODUCT_NAME = "$(TARGET_NAME)";
				SWIFT_VERSION = 3.0;
				TEST_TARGET_NAME = SampleMusicNotation;
			};
			name = Debug;
		};
		3EC3654F1E35853B0017B25E /* Release */ = {
			isa = XCBuildConfiguration;
			baseConfigurationReference = 85495E0508C3B0F70384F2AE /* Pods-ConsonanceUITests.release.xcconfig */;
			buildSettings = {
				ALWAYS_EMBED_SWIFT_STANDARD_LIBRARIES = YES;
				COMBINE_HIDPI_IMAGES = YES;
				DEVELOPMENT_TEAM = WJQ6ARU45L;
				INFOPLIST_FILE = SampleMusicNotationUITests/Info.plist;
				LD_RUNPATH_SEARCH_PATHS = "$(inherited) @executable_path/../Frameworks @loader_path/../Frameworks";
				PRODUCT_BUNDLE_IDENTIFIER = com.charltonprovatas.SampleMusicNotationUITests;
				PRODUCT_NAME = "$(TARGET_NAME)";
				SWIFT_VERSION = 3.0;
				TEST_TARGET_NAME = SampleMusicNotation;
			};
			name = Release;
		};
/* End XCBuildConfiguration section */

/* Begin XCConfigurationList section */
		3EC3651D1E35853B0017B25E /* Build configuration list for PBXProject "Consonance" */ = {
			isa = XCConfigurationList;
			buildConfigurations = (
				3EC365451E35853B0017B25E /* Debug */,
				3EC365461E35853B0017B25E /* Release */,
			);
			defaultConfigurationIsVisible = 0;
			defaultConfigurationName = Release;
		};
		3EC365471E35853B0017B25E /* Build configuration list for PBXNativeTarget "Consonance" */ = {
			isa = XCConfigurationList;
			buildConfigurations = (
				3EC365481E35853B0017B25E /* Debug */,
				3EC365491E35853B0017B25E /* Release */,
			);
			defaultConfigurationIsVisible = 0;
			defaultConfigurationName = Release;
		};
		3EC3654A1E35853B0017B25E /* Build configuration list for PBXNativeTarget "ConsonanceTests" */ = {
			isa = XCConfigurationList;
			buildConfigurations = (
				3EC3654B1E35853B0017B25E /* Debug */,
				3EC3654C1E35853B0017B25E /* Release */,
			);
			defaultConfigurationIsVisible = 0;
			defaultConfigurationName = Release;
		};
		3EC3654D1E35853B0017B25E /* Build configuration list for PBXNativeTarget "ConsonanceUITests" */ = {
			isa = XCConfigurationList;
			buildConfigurations = (
				3EC3654E1E35853B0017B25E /* Debug */,
				3EC3654F1E35853B0017B25E /* Release */,
			);
			defaultConfigurationIsVisible = 0;
			defaultConfigurationName = Release;
		};
/* End XCConfigurationList section */
	};
	rootObject = 3EC3651A1E35853B0017B25E /* Project object */;
}
